// !$*UTF8*$!
{
	archiveVersion = 1;
	classes = {
	};
	objectVersion = 50;
	objects = {

/* Begin PBXBuildFile section */
		1414885E22B2540E009099C5 /* iCarousel.m in Sources */ = {isa = PBXBuildFile; fileRef = 1414885C22B2540E009099C5 /* iCarousel.m */; };
		141D104722B8BEB40008E727 /* ImageCollectionViewCell.swift in Sources */ = {isa = PBXBuildFile; fileRef = 141D104622B8BEB40008E727 /* ImageCollectionViewCell.swift */; };
		147539C622AE38A90084B2EE /* AppDelegate.swift in Sources */ = {isa = PBXBuildFile; fileRef = 147539C522AE38A90084B2EE /* AppDelegate.swift */; };
		147539C822AE38A90084B2EE /* ViewController.swift in Sources */ = {isa = PBXBuildFile; fileRef = 147539C722AE38A90084B2EE /* ViewController.swift */; };
		147539CB22AE38A90084B2EE /* Main.storyboard in Resources */ = {isa = PBXBuildFile; fileRef = 147539C922AE38A90084B2EE /* Main.storyboard */; };
		147539CD22AE38AB0084B2EE /* Assets.xcassets in Resources */ = {isa = PBXBuildFile; fileRef = 147539CC22AE38AB0084B2EE /* Assets.xcassets */; };
		147539D022AE38AB0084B2EE /* LaunchScreen.storyboard in Resources */ = {isa = PBXBuildFile; fileRef = 147539CE22AE38AB0084B2EE /* LaunchScreen.storyboard */; };
		147539DB22AE38AB0084B2EE /* CelerNetworkProjectTests.swift in Sources */ = {isa = PBXBuildFile; fileRef = 147539DA22AE38AB0084B2EE /* CelerNetworkProjectTests.swift */; };
		147539E622AE38AB0084B2EE /* CelerNetworkProjectUITests.swift in Sources */ = {isa = PBXBuildFile; fileRef = 147539E522AE38AB0084B2EE /* CelerNetworkProjectUITests.swift */; };
		147539F722AE5BCA0084B2EE /* APINetwork.swift in Sources */ = {isa = PBXBuildFile; fileRef = 147539F622AE5BCA0084B2EE /* APINetwork.swift */; };
		147539F922AE5E980084B2EE /* Graphics.swift in Sources */ = {isa = PBXBuildFile; fileRef = 147539F822AE5E980084B2EE /* Graphics.swift */; };
		14A35BE122B0D3F1008965B5 /* VideoCollectionViewCell.swift in Sources */ = {isa = PBXBuildFile; fileRef = 14A35BE022B0D3F1008965B5 /* VideoCollectionViewCell.swift */; };
		14A35BE322B0DF36008965B5 /* AVPlayer.swift in Sources */ = {isa = PBXBuildFile; fileRef = 14A35BE222B0DF36008965B5 /* AVPlayer.swift */; };
		14A35BEB22B1F5CB008965B5 /* ImageCache.swift in Sources */ = {isa = PBXBuildFile; fileRef = 14A35BEA22B1F5CB008965B5 /* ImageCache.swift */; };
/* End PBXBuildFile section */

/* Begin PBXContainerItemProxy section */
		147539D722AE38AB0084B2EE /* PBXContainerItemProxy */ = {
			isa = PBXContainerItemProxy;
			containerPortal = 147539BA22AE38A90084B2EE /* Project object */;
			proxyType = 1;
			remoteGlobalIDString = 147539C122AE38A90084B2EE;
			remoteInfo = CelerNetworkProject;
		};
		147539E222AE38AB0084B2EE /* PBXContainerItemProxy */ = {
			isa = PBXContainerItemProxy;
			containerPortal = 147539BA22AE38A90084B2EE /* Project object */;
			proxyType = 1;
			remoteGlobalIDString = 147539C122AE38A90084B2EE;
			remoteInfo = CelerNetworkProject;
		};
/* End PBXContainerItemProxy section */

/* Begin PBXFileReference section */
		1414885B22B2540C009099C5 /* CelerNetworkProject-Bridging-Header.h */ = {isa = PBXFileReference; lastKnownFileType = sourcecode.c.h; path = "CelerNetworkProject-Bridging-Header.h"; sourceTree = "<group>"; };
		1414885C22B2540E009099C5 /* iCarousel.m */ = {isa = PBXFileReference; fileEncoding = 4; lastKnownFileType = sourcecode.c.objc; path = iCarousel.m; sourceTree = "<group>"; };
		1414885D22B2540E009099C5 /* iCarousel.h */ = {isa = PBXFileReference; fileEncoding = 4; lastKnownFileType = sourcecode.c.h; path = iCarousel.h; sourceTree = "<group>"; };
		141D104622B8BEB40008E727 /* ImageCollectionViewCell.swift */ = {isa = PBXFileReference; lastKnownFileType = sourcecode.swift; path = ImageCollectionViewCell.swift; sourceTree = "<group>"; };
		147539C222AE38A90084B2EE /* CelerNetworkProject.app */ = {isa = PBXFileReference; explicitFileType = wrapper.application; includeInIndex = 0; path = CelerNetworkProject.app; sourceTree = BUILT_PRODUCTS_DIR; };
		147539C522AE38A90084B2EE /* AppDelegate.swift */ = {isa = PBXFileReference; lastKnownFileType = sourcecode.swift; path = AppDelegate.swift; sourceTree = "<group>"; };
		147539C722AE38A90084B2EE /* ViewController.swift */ = {isa = PBXFileReference; lastKnownFileType = sourcecode.swift; path = ViewController.swift; sourceTree = "<group>"; };
		147539CA22AE38A90084B2EE /* Base */ = {isa = PBXFileReference; lastKnownFileType = file.storyboard; name = Base; path = Base.lproj/Main.storyboard; sourceTree = "<group>"; };
		147539CC22AE38AB0084B2EE /* Assets.xcassets */ = {isa = PBXFileReference; lastKnownFileType = folder.assetcatalog; path = Assets.xcassets; sourceTree = "<group>"; };
		147539CF22AE38AB0084B2EE /* Base */ = {isa = PBXFileReference; lastKnownFileType = file.storyboard; name = Base; path = Base.lproj/LaunchScreen.storyboard; sourceTree = "<group>"; };
		147539D122AE38AB0084B2EE /* Info.plist */ = {isa = PBXFileReference; lastKnownFileType = text.plist.xml; path = Info.plist; sourceTree = "<group>"; };
		147539D622AE38AB0084B2EE /* CelerNetworkProjectTests.xctest */ = {isa = PBXFileReference; explicitFileType = wrapper.cfbundle; includeInIndex = 0; path = CelerNetworkProjectTests.xctest; sourceTree = BUILT_PRODUCTS_DIR; };
		147539DA22AE38AB0084B2EE /* CelerNetworkProjectTests.swift */ = {isa = PBXFileReference; lastKnownFileType = sourcecode.swift; path = CelerNetworkProjectTests.swift; sourceTree = "<group>"; };
		147539DC22AE38AB0084B2EE /* Info.plist */ = {isa = PBXFileReference; lastKnownFileType = text.plist.xml; path = Info.plist; sourceTree = "<group>"; };
		147539E122AE38AB0084B2EE /* CelerNetworkProjectUITests.xctest */ = {isa = PBXFileReference; explicitFileType = wrapper.cfbundle; includeInIndex = 0; path = CelerNetworkProjectUITests.xctest; sourceTree = BUILT_PRODUCTS_DIR; };
		147539E522AE38AB0084B2EE /* CelerNetworkProjectUITests.swift */ = {isa = PBXFileReference; lastKnownFileType = sourcecode.swift; path = CelerNetworkProjectUITests.swift; sourceTree = "<group>"; };
		147539E722AE38AB0084B2EE /* Info.plist */ = {isa = PBXFileReference; lastKnownFileType = text.plist.xml; path = Info.plist; sourceTree = "<group>"; };
		147539F622AE5BCA0084B2EE /* APINetwork.swift */ = {isa = PBXFileReference; lastKnownFileType = sourcecode.swift; path = APINetwork.swift; sourceTree = "<group>"; };
		147539F822AE5E980084B2EE /* Graphics.swift */ = {isa = PBXFileReference; lastKnownFileType = sourcecode.swift; path = Graphics.swift; sourceTree = "<group>"; };
		14A35BE022B0D3F1008965B5 /* VideoCollectionViewCell.swift */ = {isa = PBXFileReference; lastKnownFileType = sourcecode.swift; path = VideoCollectionViewCell.swift; sourceTree = "<group>"; };
		14A35BE222B0DF36008965B5 /* AVPlayer.swift */ = {isa = PBXFileReference; lastKnownFileType = sourcecode.swift; path = AVPlayer.swift; sourceTree = "<group>"; };
		14A35BEA22B1F5CB008965B5 /* ImageCache.swift */ = {isa = PBXFileReference; lastKnownFileType = sourcecode.swift; path = ImageCache.swift; sourceTree = "<group>"; };
/* End PBXFileReference section */

/* Begin PBXFrameworksBuildPhase section */
		147539BF22AE38A90084B2EE /* Frameworks */ = {
			isa = PBXFrameworksBuildPhase;
			buildActionMask = 2147483647;
			files = (
			);
			runOnlyForDeploymentPostprocessing = 0;
		};
		147539D322AE38AB0084B2EE /* Frameworks */ = {
			isa = PBXFrameworksBuildPhase;
			buildActionMask = 2147483647;
			files = (
			);
			runOnlyForDeploymentPostprocessing = 0;
		};
		147539DE22AE38AB0084B2EE /* Frameworks */ = {
			isa = PBXFrameworksBuildPhase;
			buildActionMask = 2147483647;
			files = (
			);
			runOnlyForDeploymentPostprocessing = 0;
		};
/* End PBXFrameworksBuildPhase section */

/* Begin PBXGroup section */
		147539B922AE38A90084B2EE = {
			isa = PBXGroup;
			children = (
				147539C422AE38A90084B2EE /* CelerNetworkProject */,
				147539D922AE38AB0084B2EE /* CelerNetworkProjectTests */,
				147539E422AE38AB0084B2EE /* CelerNetworkProjectUITests */,
				147539C322AE38A90084B2EE /* Products */,
			);
			sourceTree = "<group>";
		};
		147539C322AE38A90084B2EE /* Products */ = {
			isa = PBXGroup;
			children = (
				147539C222AE38A90084B2EE /* CelerNetworkProject.app */,
				147539D622AE38AB0084B2EE /* CelerNetworkProjectTests.xctest */,
				147539E122AE38AB0084B2EE /* CelerNetworkProjectUITests.xctest */,
			);
			name = Products;
			sourceTree = "<group>";
		};
		147539C422AE38A90084B2EE /* CelerNetworkProject */ = {
			isa = PBXGroup;
			children = (
				147539C522AE38A90084B2EE /* AppDelegate.swift */,
				14A35BE922B1F5A0008965B5 /* New Group */,
				14A35BE422B0FEC4008965B5 /* Controllers */,
				14A35BE622B0FFCB008965B5 /* Model */,
				14A35BE522B0FFAD008965B5 /* Views */,
				147539F622AE5BCA0084B2EE /* APINetwork.swift */,
				147539C922AE38A90084B2EE /* Main.storyboard */,
				1414885D22B2540E009099C5 /* iCarousel.h */,
				1414885C22B2540E009099C5 /* iCarousel.m */,
				147539CC22AE38AB0084B2EE /* Assets.xcassets */,
				147539CE22AE38AB0084B2EE /* LaunchScreen.storyboard */,
				147539D122AE38AB0084B2EE /* Info.plist */,
				1414885B22B2540C009099C5 /* CelerNetworkProject-Bridging-Header.h */,
			);
			path = CelerNetworkProject;
			sourceTree = "<group>";
		};
		147539D922AE38AB0084B2EE /* CelerNetworkProjectTests */ = {
			isa = PBXGroup;
			children = (
				147539DA22AE38AB0084B2EE /* CelerNetworkProjectTests.swift */,
				147539DC22AE38AB0084B2EE /* Info.plist */,
			);
			path = CelerNetworkProjectTests;
			sourceTree = "<group>";
		};
		147539E422AE38AB0084B2EE /* CelerNetworkProjectUITests */ = {
			isa = PBXGroup;
			children = (
				147539E522AE38AB0084B2EE /* CelerNetworkProjectUITests.swift */,
				147539E722AE38AB0084B2EE /* Info.plist */,
			);
			path = CelerNetworkProjectUITests;
			sourceTree = "<group>";
		};
		14A35BE422B0FEC4008965B5 /* Controllers */ = {
			isa = PBXGroup;
			children = (
				147539C722AE38A90084B2EE /* ViewController.swift */,
			);
			path = Controllers;
			sourceTree = "<group>";
		};
		14A35BE522B0FFAD008965B5 /* Views */ = {
			isa = PBXGroup;
			children = (
				14A35BE222B0DF36008965B5 /* AVPlayer.swift */,
				14A35BE022B0D3F1008965B5 /* VideoCollectionViewCell.swift */,
				141D104622B8BEB40008E727 /* ImageCollectionViewCell.swift */,
			);
			path = Views;
			sourceTree = "<group>";
		};
		14A35BE622B0FFCB008965B5 /* Model */ = {
			isa = PBXGroup;
			children = (
				147539F822AE5E980084B2EE /* Graphics.swift */,
			);
			path = Model;
			sourceTree = "<group>";
		};
		14A35BE922B1F5A0008965B5 /* New Group */ = {
			isa = PBXGroup;
			children = (
				14A35BEA22B1F5CB008965B5 /* ImageCache.swift */,
			);
			path = "New Group";
			sourceTree = "<group>";
		};
/* End PBXGroup section */

/* Begin PBXNativeTarget section */
		147539C122AE38A90084B2EE /* CelerNetworkProject */ = {
			isa = PBXNativeTarget;
			buildConfigurationList = 147539EA22AE38AB0084B2EE /* Build configuration list for PBXNativeTarget "CelerNetworkProject" */;
			buildPhases = (
				147539BE22AE38A90084B2EE /* Sources */,
				147539BF22AE38A90084B2EE /* Frameworks */,
				147539C022AE38A90084B2EE /* Resources */,
			);
			buildRules = (
			);
			dependencies = (
			);
			name = CelerNetworkProject;
			productName = CelerNetworkProject;
			productReference = 147539C222AE38A90084B2EE /* CelerNetworkProject.app */;
			productType = "com.apple.product-type.application";
		};
		147539D522AE38AB0084B2EE /* CelerNetworkProjectTests */ = {
			isa = PBXNativeTarget;
			buildConfigurationList = 147539ED22AE38AB0084B2EE /* Build configuration list for PBXNativeTarget "CelerNetworkProjectTests" */;
			buildPhases = (
				147539D222AE38AB0084B2EE /* Sources */,
				147539D322AE38AB0084B2EE /* Frameworks */,
				147539D422AE38AB0084B2EE /* Resources */,
			);
			buildRules = (
			);
			dependencies = (
				147539D822AE38AB0084B2EE /* PBXTargetDependency */,
			);
			name = CelerNetworkProjectTests;
			productName = CelerNetworkProjectTests;
			productReference = 147539D622AE38AB0084B2EE /* CelerNetworkProjectTests.xctest */;
			productType = "com.apple.product-type.bundle.unit-test";
		};
		147539E022AE38AB0084B2EE /* CelerNetworkProjectUITests */ = {
			isa = PBXNativeTarget;
			buildConfigurationList = 147539F022AE38AB0084B2EE /* Build configuration list for PBXNativeTarget "CelerNetworkProjectUITests" */;
			buildPhases = (
				147539DD22AE38AB0084B2EE /* Sources */,
				147539DE22AE38AB0084B2EE /* Frameworks */,
				147539DF22AE38AB0084B2EE /* Resources */,
			);
			buildRules = (
			);
			dependencies = (
				147539E322AE38AB0084B2EE /* PBXTargetDependency */,
			);
			name = CelerNetworkProjectUITests;
			productName = CelerNetworkProjectUITests;
			productReference = 147539E122AE38AB0084B2EE /* CelerNetworkProjectUITests.xctest */;
			productType = "com.apple.product-type.bundle.ui-testing";
		};
/* End PBXNativeTarget section */

/* Begin PBXProject section */
		147539BA22AE38A90084B2EE /* Project object */ = {
			isa = PBXProject;
			attributes = {
				LastSwiftUpdateCheck = 1020;
				LastUpgradeCheck = 1020;
				ORGANIZATIONNAME = "Maksym Voskresenskyy";
				TargetAttributes = {
					147539C122AE38A90084B2EE = {
						CreatedOnToolsVersion = 10.2;
						LastSwiftMigration = 1020;
					};
					147539D522AE38AB0084B2EE = {
						CreatedOnToolsVersion = 10.2;
						TestTargetID = 147539C122AE38A90084B2EE;
					};
					147539E022AE38AB0084B2EE = {
						CreatedOnToolsVersion = 10.2;
						TestTargetID = 147539C122AE38A90084B2EE;
					};
				};
			};
			buildConfigurationList = 147539BD22AE38A90084B2EE /* Build configuration list for PBXProject "CelerNetworkProject" */;
			compatibilityVersion = "Xcode 9.3";
			developmentRegion = en;
			hasScannedForEncodings = 0;
			knownRegions = (
				en,
				Base,
			);
			mainGroup = 147539B922AE38A90084B2EE;
			productRefGroup = 147539C322AE38A90084B2EE /* Products */;
			projectDirPath = "";
			projectRoot = "";
			targets = (
				147539C122AE38A90084B2EE /* CelerNetworkProject */,
				147539D522AE38AB0084B2EE /* CelerNetworkProjectTests */,
				147539E022AE38AB0084B2EE /* CelerNetworkProjectUITests */,
			);
		};
/* End PBXProject section */

/* Begin PBXResourcesBuildPhase section */
		147539C022AE38A90084B2EE /* Resources */ = {
			isa = PBXResourcesBuildPhase;
			buildActionMask = 2147483647;
			files = (
				147539D022AE38AB0084B2EE /* LaunchScreen.storyboard in Resources */,
				147539CD22AE38AB0084B2EE /* Assets.xcassets in Resources */,
				147539CB22AE38A90084B2EE /* Main.storyboard in Resources */,
			);
			runOnlyForDeploymentPostprocessing = 0;
		};
		147539D422AE38AB0084B2EE /* Resources */ = {
			isa = PBXResourcesBuildPhase;
			buildActionMask = 2147483647;
			files = (
			);
			runOnlyForDeploymentPostprocessing = 0;
		};
		147539DF22AE38AB0084B2EE /* Resources */ = {
			isa = PBXResourcesBuildPhase;
			buildActionMask = 2147483647;
			files = (
			);
			runOnlyForDeploymentPostprocessing = 0;
		};
/* End PBXResourcesBuildPhase section */

/* Begin PBXSourcesBuildPhase section */
		147539BE22AE38A90084B2EE /* Sources */ = {
			isa = PBXSourcesBuildPhase;
			buildActionMask = 2147483647;
			files = (
				147539C822AE38A90084B2EE /* ViewController.swift in Sources */,
				147539C622AE38A90084B2EE /* AppDelegate.swift in Sources */,
				14A35BEB22B1F5CB008965B5 /* ImageCache.swift in Sources */,
				1414885E22B2540E009099C5 /* iCarousel.m in Sources */,
				147539F922AE5E980084B2EE /* Graphics.swift in Sources */,
				14A35BE122B0D3F1008965B5 /* VideoCollectionViewCell.swift in Sources */,
				141D104722B8BEB40008E727 /* ImageCollectionViewCell.swift in Sources */,
				147539F722AE5BCA0084B2EE /* APINetwork.swift in Sources */,
				14A35BE322B0DF36008965B5 /* AVPlayer.swift in Sources */,
			);
			runOnlyForDeploymentPostprocessing = 0;
		};
		147539D222AE38AB0084B2EE /* Sources */ = {
			isa = PBXSourcesBuildPhase;
			buildActionMask = 2147483647;
			files = (
				147539DB22AE38AB0084B2EE /* CelerNetworkProjectTests.swift in Sources */,
			);
			runOnlyForDeploymentPostprocessing = 0;
		};
		147539DD22AE38AB0084B2EE /* Sources */ = {
			isa = PBXSourcesBuildPhase;
			buildActionMask = 2147483647;
			files = (
				147539E622AE38AB0084B2EE /* CelerNetworkProjectUITests.swift in Sources */,
			);
			runOnlyForDeploymentPostprocessing = 0;
		};
/* End PBXSourcesBuildPhase section */

/* Begin PBXTargetDependency section */
		147539D822AE38AB0084B2EE /* PBXTargetDependency */ = {
			isa = PBXTargetDependency;
			target = 147539C122AE38A90084B2EE /* CelerNetworkProject */;
			targetProxy = 147539D722AE38AB0084B2EE /* PBXContainerItemProxy */;
		};
		147539E322AE38AB0084B2EE /* PBXTargetDependency */ = {
			isa = PBXTargetDependency;
			target = 147539C122AE38A90084B2EE /* CelerNetworkProject */;
			targetProxy = 147539E222AE38AB0084B2EE /* PBXContainerItemProxy */;
		};
/* End PBXTargetDependency section */

/* Begin PBXVariantGroup section */
		147539C922AE38A90084B2EE /* Main.storyboard */ = {
			isa = PBXVariantGroup;
			children = (
				147539CA22AE38A90084B2EE /* Base */,
			);
			name = Main.storyboard;
			sourceTree = "<group>";
		};
		147539CE22AE38AB0084B2EE /* LaunchScreen.storyboard */ = {
			isa = PBXVariantGroup;
			children = (
				147539CF22AE38AB0084B2EE /* Base */,
			);
			name = LaunchScreen.storyboard;
			sourceTree = "<group>";
		};
/* End PBXVariantGroup section */

/* Begin XCBuildConfiguration section */
		147539E822AE38AB0084B2EE /* Debug */ = {
			isa = XCBuildConfiguration;
			buildSettings = {
				ALWAYS_SEARCH_USER_PATHS = NO;
				CLANG_ANALYZER_NONNULL = YES;
				CLANG_ANALYZER_NUMBER_OBJECT_CONVERSION = YES_AGGRESSIVE;
				CLANG_CXX_LANGUAGE_STANDARD = "gnu++14";
				CLANG_CXX_LIBRARY = "libc++";
				CLANG_ENABLE_MODULES = YES;
				CLANG_ENABLE_OBJC_ARC = YES;
				CLANG_ENABLE_OBJC_WEAK = YES;
				CLANG_WARN_BLOCK_CAPTURE_AUTORELEASING = YES;
				CLANG_WARN_BOOL_CONVERSION = YES;
				CLANG_WARN_COMMA = YES;
				CLANG_WARN_CONSTANT_CONVERSION = YES;
				CLANG_WARN_DEPRECATED_OBJC_IMPLEMENTATIONS = YES;
				CLANG_WARN_DIRECT_OBJC_ISA_USAGE = YES_ERROR;
				CLANG_WARN_DOCUMENTATION_COMMENTS = YES;
				CLANG_WARN_EMPTY_BODY = YES;
				CLANG_WARN_ENUM_CONVERSION = YES;
				CLANG_WARN_INFINITE_RECURSION = YES;
				CLANG_WARN_INT_CONVERSION = YES;
				CLANG_WARN_NON_LITERAL_NULL_CONVERSION = YES;
				CLANG_WARN_OBJC_IMPLICIT_RETAIN_SELF = YES;
				CLANG_WARN_OBJC_LITERAL_CONVERSION = YES;
				CLANG_WARN_OBJC_ROOT_CLASS = YES_ERROR;
				CLANG_WARN_RANGE_LOOP_ANALYSIS = YES;
				CLANG_WARN_STRICT_PROTOTYPES = YES;
				CLANG_WARN_SUSPICIOUS_MOVE = YES;
				CLANG_WARN_UNGUARDED_AVAILABILITY = YES_AGGRESSIVE;
				CLANG_WARN_UNREACHABLE_CODE = YES;
				CLANG_WARN__DUPLICATE_METHOD_MATCH = YES;
				CODE_SIGN_IDENTITY = "iPhone Developer";
				COPY_PHASE_STRIP = NO;
				DEBUG_INFORMATION_FORMAT = dwarf;
				ENABLE_STRICT_OBJC_MSGSEND = YES;
				ENABLE_TESTABILITY = YES;
				GCC_C_LANGUAGE_STANDARD = gnu11;
				GCC_DYNAMIC_NO_PIC = NO;
				GCC_NO_COMMON_BLOCKS = YES;
				GCC_OPTIMIZATION_LEVEL = 0;
				GCC_PREPROCESSOR_DEFINITIONS = (
					"DEBUG=1",
					"$(inherited)",
				);
				GCC_WARN_64_TO_32_BIT_CONVERSION = YES;
				GCC_WARN_ABOUT_RETURN_TYPE = YES_ERROR;
				GCC_WARN_UNDECLARED_SELECTOR = YES;
				GCC_WARN_UNINITIALIZED_AUTOS = YES_AGGRESSIVE;
				GCC_WARN_UNUSED_FUNCTION = YES;
				GCC_WARN_UNUSED_VARIABLE = YES;
				IPHONEOS_DEPLOYMENT_TARGET = 12.2;
				MTL_ENABLE_DEBUG_INFO = INCLUDE_SOURCE;
				MTL_FAST_MATH = YES;
				ONLY_ACTIVE_ARCH = YES;
				SDKROOT = iphoneos;
				SWIFT_ACTIVE_COMPILATION_CONDITIONS = DEBUG;
				SWIFT_OPTIMIZATION_LEVEL = "-Onone";
			};
			name = Debug;
		};
		147539E922AE38AB0084B2EE /* Release */ = {
			isa = XCBuildConfiguration;
			buildSettings = {
				ALWAYS_SEARCH_USER_PATHS = NO;
				CLANG_ANALYZER_NONNULL = YES;
				CLANG_ANALYZER_NUMBER_OBJECT_CONVERSION = YES_AGGRESSIVE;
				CLANG_CXX_LANGUAGE_STANDARD = "gnu++14";
				CLANG_CXX_LIBRARY = "libc++";
				CLANG_ENABLE_MODULES = YES;
				CLANG_ENABLE_OBJC_ARC = YES;
				CLANG_ENABLE_OBJC_WEAK = YES;
				CLANG_WARN_BLOCK_CAPTURE_AUTORELEASING = YES;
				CLANG_WARN_BOOL_CONVERSION = YES;
				CLANG_WARN_COMMA = YES;
				CLANG_WARN_CONSTANT_CONVERSION = YES;
				CLANG_WARN_DEPRECATED_OBJC_IMPLEMENTATIONS = YES;
				CLANG_WARN_DIRECT_OBJC_ISA_USAGE = YES_ERROR;
				CLANG_WARN_DOCUMENTATION_COMMENTS = YES;
				CLANG_WARN_EMPTY_BODY = YES;
				CLANG_WARN_ENUM_CONVERSION = YES;
				CLANG_WARN_INFINITE_RECURSION = YES;
				CLANG_WARN_INT_CONVERSION = YES;
				CLANG_WARN_NON_LITERAL_NULL_CONVERSION = YES;
				CLANG_WARN_OBJC_IMPLICIT_RETAIN_SELF = YES;
				CLANG_WARN_OBJC_LITERAL_CONVERSION = YES;
				CLANG_WARN_OBJC_ROOT_CLASS = YES_ERROR;
				CLANG_WARN_RANGE_LOOP_ANALYSIS = YES;
				CLANG_WARN_STRICT_PROTOTYPES = YES;
				CLANG_WARN_SUSPICIOUS_MOVE = YES;
				CLANG_WARN_UNGUARDED_AVAILABILITY = YES_AGGRESSIVE;
				CLANG_WARN_UNREACHABLE_CODE = YES;
				CLANG_WARN__DUPLICATE_METHOD_MATCH = YES;
				CODE_SIGN_IDENTITY = "iPhone Developer";
				COPY_PHASE_STRIP = NO;
				DEBUG_INFORMATION_FORMAT = "dwarf-with-dsym";
				ENABLE_NS_ASSERTIONS = NO;
				ENABLE_STRICT_OBJC_MSGSEND = YES;
				GCC_C_LANGUAGE_STANDARD = gnu11;
				GCC_NO_COMMON_BLOCKS = YES;
				GCC_WARN_64_TO_32_BIT_CONVERSION = YES;
				GCC_WARN_ABOUT_RETURN_TYPE = YES_ERROR;
				GCC_WARN_UNDECLARED_SELECTOR = YES;
				GCC_WARN_UNINITIALIZED_AUTOS = YES_AGGRESSIVE;
				GCC_WARN_UNUSED_FUNCTION = YES;
				GCC_WARN_UNUSED_VARIABLE = YES;
				IPHONEOS_DEPLOYMENT_TARGET = 12.2;
				MTL_ENABLE_DEBUG_INFO = NO;
				MTL_FAST_MATH = YES;
				SDKROOT = iphoneos;
				SWIFT_COMPILATION_MODE = wholemodule;
				SWIFT_OPTIMIZATION_LEVEL = "-O";
				VALIDATE_PRODUCT = YES;
			};
			name = Release;
		};
		147539EB22AE38AB0084B2EE /* Debug */ = {
			isa = XCBuildConfiguration;
			buildSettings = {
				ASSETCATALOG_COMPILER_APPICON_NAME = AppIcon;
				CLANG_ENABLE_MODULES = YES;
				CODE_SIGN_STYLE = Automatic;
				DEVELOPMENT_TEAM = JATHMZ8R82;
				INFOPLIST_FILE = CelerNetworkProject/Info.plist;
				LD_RUNPATH_SEARCH_PATHS = (
					"$(inherited)",
					"@executable_path/Frameworks",
				);
				PRODUCT_BUNDLE_IDENTIFIER = com.MaksymVoskresenskyy.CelerNetworkProject;
				PRODUCT_NAME = "$(TARGET_NAME)";
				SWIFT_OBJC_BRIDGING_HEADER = "CelerNetworkProject/CelerNetworkProject-Bridging-Header.h";
				SWIFT_OPTIMIZATION_LEVEL = "-Onone";
				SWIFT_VERSION = 5.0;
				TARGETED_DEVICE_FAMILY = "1,2";
			};
			name = Debug;
		};
		147539EC22AE38AB0084B2EE /* Release */ = {
			isa = XCBuildConfiguration;
			buildSettings = {
				ASSETCATALOG_COMPILER_APPICON_NAME = AppIcon;
				CLANG_ENABLE_MODULES = YES;
				CODE_SIGN_STYLE = Automatic;
				DEVELOPMENT_TEAM = JATHMZ8R82;
				INFOPLIST_FILE = CelerNetworkProject/Info.plist;
				LD_RUNPATH_SEARCH_PATHS = (
					"$(inherited)",
					"@executable_path/Frameworks",
				);
				PRODUCT_BUNDLE_IDENTIFIER = com.MaksymVoskresenskyy.CelerNetworkProject;
				PRODUCT_NAME = "$(TARGET_NAME)";
				SWIFT_OBJC_BRIDGING_HEADER = "CelerNetworkProject/CelerNetworkProject-Bridging-Header.h";
				SWIFT_VERSION = 5.0;
				TARGETED_DEVICE_FAMILY = "1,2";
			};
			name = Release;
		};
		147539EE22AE38AB0084B2EE /* Debug */ = {
			isa = XCBuildConfiguration;
			buildSettings = {
				ALWAYS_EMBED_SWIFT_STANDARD_LIBRARIES = YES;
				BUNDLE_LOADER = "$(TEST_HOST)";
				CODE_SIGN_STYLE = Automatic;
				DEVELOPMENT_TEAM = JATHMZ8R82;
				INFOPLIST_FILE = CelerNetworkProjectTests/Info.plist;
				LD_RUNPATH_SEARCH_PATHS = (
					"$(inherited)",
					"@executable_path/Frameworks",
					"@loader_path/Frameworks",
				);
				PRODUCT_BUNDLE_IDENTIFIER = com.MaksymVoskresenskyy.CelerNetworkProjectTests;
				PRODUCT_NAME = "$(TARGET_NAME)";
				SWIFT_VERSION = 5.0;
				TARGETED_DEVICE_FAMILY = "1,2";
				TEST_HOST = "$(BUILT_PRODUCTS_DIR)/CelerNetworkProject.app/CelerNetworkProject";
			};
			name = Debug;
		};
		147539EF22AE38AB0084B2EE /* Release */ = {
			isa = XCBuildConfiguration;
			buildSettings = {
				ALWAYS_EMBED_SWIFT_STANDARD_LIBRARIES = YES;
				BUNDLE_LOADER = "$(TEST_HOST)";
				CODE_SIGN_STYLE = Automatic;
				DEVELOPMENT_TEAM = JATHMZ8R82;
				INFOPLIST_FILE = CelerNetworkProjectTests/Info.plist;
				LD_RUNPATH_SEARCH_PATHS = (
					"$(inherited)",
					"@executable_path/Frameworks",
					"@loader_path/Frameworks",
				);
				PRODUCT_BUNDLE_IDENTIFIER = com.MaksymVoskresenskyy.CelerNetworkProjectTests;
				PRODUCT_NAME = "$(TARGET_NAME)";
				SWIFT_VERSION = 5.0;
				TARGETED_DEVICE_FAMILY = "1,2";
				TEST_HOST = "$(BUILT_PRODUCTS_DIR)/CelerNetworkProject.app/CelerNetworkProject";
			};
			name = Release;
		};
		147539F122AE38AB0084B2EE /* Debug */ = {
			isa = XCBuildConfiguration;
			buildSettings = {
				ALWAYS_EMBED_SWIFT_STANDARD_LIBRARIES = YES;
				CODE_SIGN_STYLE = Automatic;
				DEVELOPMENT_TEAM = JATHMZ8R82;
				INFOPLIST_FILE = CelerNetworkProjectUITests/Info.plist;
				LD_RUNPATH_SEARCH_PATHS = (
					"$(inherited)",
					"@executable_path/Frameworks",
					"@loader_path/Frameworks",
				);
				PRODUCT_BUNDLE_IDENTIFIER = com.MaksymVoskresenskyy.CelerNetworkProjectUITests;
				PRODUCT_NAME = "$(TARGET_NAME)";
				SWIFT_VERSION = 5.0;
				TARGETED_DEVICE_FAMILY = "1,2";
				TEST_TARGET_NAME = CelerNetworkProject;
			};
			name = Debug;
		};
		147539F222AE38AB0084B2EE /* Release */ = {
			isa = XCBuildConfiguration;
			buildSettings = {
				ALWAYS_EMBED_SWIFT_STANDARD_LIBRARIES = YES;
				CODE_SIGN_STYLE = Automatic;
				DEVELOPMENT_TEAM = JATHMZ8R82;
				INFOPLIST_FILE = CelerNetworkProjectUITests/Info.plist;
				LD_RUNPATH_SEARCH_PATHS = (
					"$(inherited)",
					"@executable_path/Frameworks",
					"@loader_path/Frameworks",
				);
				PRODUCT_BUNDLE_IDENTIFIER = com.MaksymVoskresenskyy.CelerNetworkProjectUITests;
				PRODUCT_NAME = "$(TARGET_NAME)";
				SWIFT_VERSION = 5.0;
				TARGETED_DEVICE_FAMILY = "1,2";
				TEST_TARGET_NAME = CelerNetworkProject;
			};
			name = Release;
		};
/* End XCBuildConfiguration section */

/* Begin XCConfigurationList section */
		147539BD22AE38A90084B2EE /* Build configuration list for PBXProject "CelerNetworkProject" */ = {
			isa = XCConfigurationList;
			buildConfigurations = (
				147539E822AE38AB0084B2EE /* Debug */,
				147539E922AE38AB0084B2EE /* Release */,
			);
			defaultConfigurationIsVisible = 0;
			defaultConfigurationName = Release;
		};
		147539EA22AE38AB0084B2EE /* Build configuration list for PBXNativeTarget "CelerNetworkProject" */ = {
			isa = XCConfigurationList;
			buildConfigurations = (
				147539EB22AE38AB0084B2EE /* Debug */,
				147539EC22AE38AB0084B2EE /* Release */,
			);
			defaultConfigurationIsVisible = 0;
			defaultConfigurationName = Release;
		};
		147539ED22AE38AB0084B2EE /* Build configuration list for PBXNativeTarget "CelerNetworkProjectTests" */ = {
			isa = XCConfigurationList;
			buildConfigurations = (
				147539EE22AE38AB0084B2EE /* Debug */,
				147539EF22AE38AB0084B2EE /* Release */,
			);
			defaultConfigurationIsVisible = 0;
			defaultConfigurationName = Release;
		};
		147539F022AE38AB0084B2EE /* Build configuration list for PBXNativeTarget "CelerNetworkProjectUITests" */ = {
			isa = XCConfigurationList;
			buildConfigurations = (
				147539F122AE38AB0084B2EE /* Debug */,
				147539F222AE38AB0084B2EE /* Release */,
			);
			defaultConfigurationIsVisible = 0;
			defaultConfigurationName = Release;
		};
/* End XCConfigurationList section */
	};
	rootObject = 147539BA22AE38A90084B2EE /* Project object */;
}
